FORGE
  remote: https://forgeapi.puppetlabs.com
  specs:
    attachmentgenie-ufw (1.4.9)
      puppetlabs-stdlib (>= 2.2.1)
    garethr-docker (1.2.2)
      puppetlabs-apt (>= 1.1.0)
      puppetlabs-stdlib (>= 4.1.0)
      stahnma-epel (>= 0.0.6)
    puppetlabs-apt (1.6.0)
      puppetlabs-stdlib (>= 2.2.1)
    puppetlabs-stdlib (4.3.2)
    stahnma-epel (0.1.1)
    stankevich-python (1.7.9)
      puppetlabs-stdlib (>= 4.0.0)

GIT
  remote: git://github.com/narkisr/puppet-archive.git
  ref: master
  sha: 3f4250dbc2b977845643e98ad24f427c24c845b1
  specs:
    narkisr-archive (0.2.0)

GIT
  remote: git://github.com/narkisr/puppet-backup.git
  ref: master
  sha: 8f3e14639ceb1b631e5ff4a612e98875eea4f96d
  specs:
    narkisr-backup (0.1.1)

GIT
  remote: git://github.com/narkisr/puppet-baseline.git
  ref: master
  sha: f3014a11b31af3b00ab86cc7148be5f32731ab3b
  specs:
    narkisr-baseline (0.0.1)

GIT
  remote: git://github.com/narkisr/puppet-build.git
  ref: master
  sha: 44ccb6e21c05e0bc5c20f9973fe8b3fe5f9b9c2c
  specs:
    narkisr-build (0.1.0)

GIT
  remote: git://github.com/narkisr/puppet-clamav.git
  ref: master
  sha: 452cf62fbc1ef84365b6489c3a18dd4fba2e0bd2
  specs:
    narkisr-clamav (0.0.2)
      puppetlabs-stdlib (>= 2.6.0)

GIT
  remote: git://github.com/narkisr/puppet-desktop.git
  ref: master
  sha: a25ffef4c953170bdd62c6461821cb24d4ada625
  specs:
    narkisr-desktop (0.1.0)
      attachmentgenie-ufw (>= 1.4.9)

GIT
  remote: git://github.com/narkisr/puppet-downloadfile.git
  ref: master
  sha: d15eff627fc8051e58950b6b961f5157ecf4c8ca
  specs:
    narkisr-downloadfile (0.0.1)

GIT
  remote: git://github.com/narkisr/puppet-editfile.git
  ref: master
  sha: cb513b37b185375454bf2f767fa8ea2b992595dd
  specs:
    narkisr-editfile (0.1.0)

GIT
  remote: git://github.com/narkisr/puppet-git.git
  ref: master
  sha: 04ccc3f8676621f85725f1920117c55055e1bb5c
  specs:
    narkisr-git (0.0.1)

GIT
  remote: git://github.com/narkisr/puppet-jdk.git
  ref: master
  sha: a9a2e8bcfdee2e17e8a2d1b7952084c1c4b37646
  specs:
    narkisr-jdk (0.0.1)
      puppetlabs-apt (>= 0.0.3)
      puppetlabs-stdlib (>= 2.0.0)

GIT
  remote: git://github.com/narkisr/puppet-langs.git
  ref: master
  sha: 46ce85df92c356d594874d186e46509269a870b2
  specs:
    narkisr-langs (0.1.0)
      puppetlabs-apt (>= 1.1.0)
      puppetlabs-stdlib (>= 2.2.1)

GIT
  remote: git://github.com/narkisr/puppet-logging.git
  ref: master
  sha: 8b3944afb84cf7fcf740c0ff57ec1498e9363318
  specs:
    narkisr-logging (0.0.1)
      puppetlabs-stdlib (>= 0)

GIT
  remote: git://github.com/narkisr/puppet-rvm.git
  ref: master
  sha: 773cfc40038b876478e26a81fb503b20fc380e14
  specs:
    narkisr-rvm (1.0.0)

GIT
  remote: git://github.com/narkisr/puppet-shell.git
  ref: master
  sha: e5bfb2bebeeaac161f60f261c39a1af08780b4e5
  specs:
    narkisr-shell (0.2.0)
      stankevich-python (>= 1.7.8)

GIT
  remote: git://github.com/narkisr/puppet-ssmtp.git
  ref: master
  sha: 47b71687fc8e29ebcc28cd4d44f729d79e3b45e8
  specs:
    narkisr-ssmtp (0.1.0)

GIT
  remote: git://github.com/narkisr/puppet-vagrant.git
  ref: master
  sha: 1c342315a1bdbf80003f22b3582b08f865e5b517
  specs:
    narkisr-vagrant (0.1.0)

GIT
  remote: git://github.com/narkisr/puppet-vim.git
  ref: master
  sha: 938e40feefb8a5b917376b05f13fa7aac15064cf
  specs:
    narkisr-vim (0.0.1)

GIT
  remote: git://github.com/narkisr/puppet-virtualbox.git
  ref: master
  sha: c88a4199897388979ca82c1f5e2e97aa38812ec3
  specs:
    narkisr-virtualbox (0.2.4)
      puppetlabs-apt (>= 1.1.0)

DEPENDENCIES
  garethr-docker (>= 0)
  narkisr-archive (>= 0)
  narkisr-backup (>= 0)
  narkisr-baseline (>= 0)
  narkisr-build (>= 0)
  narkisr-clamav (>= 0)
  narkisr-desktop (>= 0)
  narkisr-downloadfile (>= 0)
  narkisr-editfile (>= 0)
  narkisr-git (>= 0)
  narkisr-jdk (>= 0)
  narkisr-langs (>= 0)
  narkisr-logging (>= 0)
  narkisr-rvm (>= 0)
  narkisr-shell (>= 0)
  narkisr-ssmtp (>= 0)
  narkisr-vagrant (>= 0)
  narkisr-vim (>= 0)
  narkisr-virtualbox (>= 0)
  puppetlabs-apt (>= 0)
  puppetlabs-stdlib (>= 0)

