FORGE
  remote: https://forgeapi.puppetlabs.com
  specs:
    golja-gnupg (1.2.3)
    maestrodev-rvm (1.13.1)
      golja-gnupg (>= 1.2.0)
      puppetlabs-stdlib (>= 4.2.0)
    puppetlabs-apt (4.5.1)
      puppetlabs-stdlib (< 5.0.0, >= 4.16.0)
    puppetlabs-docker (1.0.4)
      puppetlabs-apt (>= 2.1.0)
      puppetlabs-stdlib (>= 4.1.0)
      stahnma-epel (>= 0.0.6)
    puppetlabs-stdlib (4.25.1)
    saz-ssh (3.0.1)
      puppetlabs-concat (< 3.0.0, >= 1.2.5)
      puppetlabs-stdlib (< 5.0.0, >= 4.6.0)
    saz-timezone (3.4.0)
      puppetlabs-stdlib (>= 2.3.0)
      stm-debconf (>= 1.0.0)
    stahnma-epel (1.3.0)
      puppetlabs-stdlib (>= 3.0.0)
    stankevich-python (1.19.0)
      puppetlabs-stdlib (< 6.0.0, >= 4.6.0)
      stahnma-epel (< 2.0.0, >= 1.2.2)
    stm-debconf (2.2.0)
    thias-sysctl (1.0.6)

GIT
  remote: git://github.com/dev-sec/puppet-os-hardening.git
  ref: master
  sha: 29be243021bbd6f125d2b9465d5556c911614ecd
  specs:
    devsec-os_hardening (2.1.0)
      puppetlabs-stdlib (< 5.0.0, >= 4.6.0)
      thias-sysctl (< 2.0.0, >= 1.0.6)

GIT
  remote: git://github.com/pulling-strings/attachmentgenie-ufw.git
  ref: master
  sha: b9867888b82a09ab7b5eef6a83a9703fecf8fbdb
  specs:
    strings-ufw (2.0.0)
      puppetlabs-stdlib (< 5.0.0, >= 2.2.1)

GIT
  remote: git://github.com/pulling-strings/puppet-archive.git
  ref: master
  sha: 0e06e48c0e0d77884ac3effc4c083bf9c039b4cf
  specs:
    strings-archive (0.0.1)

GIT
  remote: git://github.com/pulling-strings/puppet-backup.git
  ref: master
  sha: 85a7f1b6c1d2b27220b299519672d72948e7f374
  specs:
    strings-backup (0.2.0)

GIT
  remote: git://github.com/pulling-strings/puppet-barbecue.git
  ref: master
  sha: 271111522c084f998ab115129690690f6876da74
  specs:
    strings-barbecue (0.2.0)
      puppetlabs-apt (>= 4.5.1)

GIT
  remote: git://github.com/pulling-strings/puppet-baseline.git
  ref: master
  sha: 6008dfc982a896d178be014db84d0e8742abe007
  specs:
    strings-baseline (0.2.0)

GIT
  remote: git://github.com/pulling-strings/puppet-build.git
  ref: master
  sha: e299e04a323022c33f30dab82a496a7d2858581d
  specs:
    strings-build (0.2.0)

GIT
  remote: git://github.com/pulling-strings/puppet-desktop.git
  ref: master
  sha: c50c0be085725c6a4fd856c54ac34076d15eef86
  specs:
    strings-desktop (0.1.0)
      puppetlabs-apt (>= 2.1.1)
      puppetlabs-stdlib (< 5.0.0, >= 2.2.1)

GIT
  remote: git://github.com/pulling-strings/puppet-downloadfile.git
  ref: master
  sha: d15eff627fc8051e58950b6b961f5157ecf4c8ca
  specs:
    strings-downloadfile (0.0.1)

GIT
  remote: git://github.com/pulling-strings/puppet-editfile.git
  ref: master
  sha: cb513b37b185375454bf2f767fa8ea2b992595dd
  specs:
    strings-editfile (0.0.1)

GIT
  remote: git://github.com/pulling-strings/puppet-git.git
  ref: master
  sha: 23dda2aebbabc1a3c5b85ec1fc1c3b14c060311a
  specs:
    strings-git (0.2.0)

GIT
  remote: git://github.com/pulling-strings/puppet-hardening.git
  ref: master
  sha: 51300ae289460afaf0c9ef447ab99a8ef394ac27
  specs:
    strings-hardening (0.1.0)
      puppetlabs-stdlib (>= 1.0.0)

GIT
  remote: git://github.com/pulling-strings/puppet-jdk.git
  ref: master
  sha: 5ab1714de453c584442f96b657c1f7030948fdae
  specs:
    strings-jdk (0.1.0)
      puppetlabs-apt (>= 0)
      puppetlabs-stdlib (>= 2.2.1)

GIT
  remote: git://github.com/pulling-strings/puppet-langs.git
  ref: master
  sha: 6ff763ad35a201cf4c7a5f0d32b6f488192347d3
  specs:
    strings-langs (0.2.0)
      puppetlabs-apt (>= 2.1.0)
      puppetlabs-stdlib (>= 4.1.0)

GIT
  remote: git://github.com/pulling-strings/puppet-pi.git
  ref: master
  sha: 876510a296c7dc150efd9d54538770a33d0770df
  specs:
    strings-pi (0.2.0)

GIT
  remote: git://github.com/pulling-strings/puppet-pkgng.git
  ref: 0.4.0
  sha: e35099279e09f73aa9801131cbf4504f82a336d9
  specs:
    zleslie-pkgng (0.4.0)
      puppetlabs-stdlib (>= 4.6.0)

GIT
  remote: git://github.com/pulling-strings/puppet-shell.git
  ref: master
  sha: fc9efc8727aff021017c5e62673c6cc3d171e255
  specs:
    strings-shell (0.2.0)
      stankevich-python (>= 1.7.8)

GIT
  remote: git://github.com/pulling-strings/puppet-vagrant.git
  ref: master
  sha: 25673c8168a0a3be365b44eb86d604ed7317ecb0
  specs:
    strings-vagrant (0.2.0)

GIT
  remote: git://github.com/pulling-strings/puppet-vim.git
  ref: master
  sha: c07022ef854ee518d98c160dd40597d1bfecbf32
  specs:
    strings-vim (0.1.0)
      puppetlabs-stdlib (>= 4.2.0)

GIT
  remote: git://github.com/pulling-strings/puppet-virtualbox.git
  ref: master
  sha: d2880b58fc68b5a05b2071b05cf89f5660e18bf8
  specs:
    strings-virtualbox (0.0.1)

GIT
  remote: git://github.com/pulling-strings/puppet-zfs.git
  ref: master
  sha: 4bb42884af41b50d77d9464cb93f928fc1f90e15
  specs:
    strings-zfs (0.1.0)
      puppetlabs-stdlib (>= 0)

GIT
  remote: git://github.com/puppetlabs/puppetlabs-concat.git
  ref: 2.1.x
  sha: e790bf09c337c2ab2bdebcddbfbf6cc714fb37b0
  specs:
    puppetlabs-concat (2.1.0)
      puppetlabs-stdlib (< 5.0.0, >= 3.2.0)

GIT
  remote: ssh://juno:29418/puppet-profiles.git
  ref: master
  sha: b8165c790583e15bee8a03641036c01dd89415a0
  specs:
    narkisr-profiles (0.1.0)
      puppetlabs-stdlib (>= 1.0.0)
      saz-ssh (>= 2.5.0)

DEPENDENCIES
  devsec-os_hardening (>= 0)
  maestrodev-rvm (>= 0)
  narkisr-profiles (>= 0)
  puppetlabs-concat (>= 0)
  puppetlabs-docker (= 1.0.4)
  puppetlabs-stdlib (>= 0)
  saz-timezone (= 3.4.0)
  strings-archive (>= 0)
  strings-backup (>= 0)
  strings-barbecue (>= 0)
  strings-baseline (>= 0)
  strings-build (>= 0)
  strings-desktop (>= 0)
  strings-downloadfile (>= 0)
  strings-editfile (>= 0)
  strings-git (>= 0)
  strings-hardening (>= 0)
  strings-jdk (>= 0)
  strings-langs (>= 0)
  strings-pi (>= 0)
  strings-shell (>= 0)
  strings-ufw (>= 0)
  strings-vagrant (>= 0)
  strings-vim (>= 0)
  strings-virtualbox (>= 0)
  strings-zfs (>= 0)
  zleslie-pkgng (>= 0)

